// !$*UTF8*$!
{
	archiveVersion = 1;
	classes = {
	};
	objectVersion = 56;
	objects = {

/* Begin PBXBuildFile section */
		1426306529E5D8CB00EDA95A /* onboardingContent.swift in Sources */ = {isa = PBXBuildFile; fileRef = 1426306429E5D8CB00EDA95A /* onboardingContent.swift */; };
		1426306929E5DD1E00EDA95A /* onboardingContent2.swift in Sources */ = {isa = PBXBuildFile; fileRef = 1426306829E5DD1E00EDA95A /* onboardingContent2.swift */; };
		1426306B29E5E2B700EDA95A /* onboardingContent3.swift in Sources */ = {isa = PBXBuildFile; fileRef = 1426306A29E5E2B700EDA95A /* onboardingContent3.swift */; };
		1426306D29E5EE5000EDA95A /* onboardingCard.swift in Sources */ = {isa = PBXBuildFile; fileRef = 1426306C29E5EE5000EDA95A /* onboardingCard.swift */; };
		68A5809729E5D70900F74587 /* CategoryView.swift in Sources */ = {isa = PBXBuildFile; fileRef = 68A5809629E5D70900F74587 /* CategoryView.swift */; };
		737F89D829E5EBE900AC1C19 /* MainView.swift in Sources */ = {isa = PBXBuildFile; fileRef = 737F89D729E5EBE900AC1C19 /* MainView.swift */; };
		73A0D00A29E72E400046D87A /* SaveButton.swift in Sources */ = {isa = PBXBuildFile; fileRef = 73A0D00929E72E400046D87A /* SaveButton.swift */; };
		73A0D00C29E737620046D87A /* ProxDias.swift in Sources */ = {isa = PBXBuildFile; fileRef = 73A0D00B29E737620046D87A /* ProxDias.swift */; };
		73B7536229E7442500C72FFC /* SavedEvent.swift in Sources */ = {isa = PBXBuildFile; fileRef = 73B7536129E7442500C72FFC /* SavedEvent.swift */; };
		73E7A04929E5D2E10019A979 /* DestaquesHStack.swift in Sources */ = {isa = PBXBuildFile; fileRef = 73E7A04829E5D2E10019A979 /* DestaquesHStack.swift */; };
		73E7A04B29E5D4280019A979 /* FestivaisPage.swift in Sources */ = {isa = PBXBuildFile; fileRef = 73E7A04A29E5D4280019A979 /* FestivaisPage.swift */; };
		EA59A03D29E6A61C008BF790 /* MapView.swift in Sources */ = {isa = PBXBuildFile; fileRef = EA59A03C29E6A61C008BF790 /* MapView.swift */; };
		EA59A04129E6E247008BF790 /* FavoritesView.swift in Sources */ = {isa = PBXBuildFile; fileRef = EA59A04029E6E247008BF790 /* FavoritesView.swift */; };
		EA59A04629E6E3D5008BF790 /* EventCategoryList.swift in Sources */ = {isa = PBXBuildFile; fileRef = EA59A04529E6E3D5008BF790 /* EventCategoryList.swift */; };
		EA59A04829E6E54B008BF790 /* IconSize.swift in Sources */ = {isa = PBXBuildFile; fileRef = EA59A04729E6E54B008BF790 /* IconSize.swift */; };
		EA59A04D29E6E7A8008BF790 /* MapIconsView.swift in Sources */ = {isa = PBXBuildFile; fileRef = EA59A04C29E6E7A8008BF790 /* MapIconsView.swift */; };
		EA5F37BF29E494C100D7DE04 /* PulaAppApp.swift in Sources */ = {isa = PBXBuildFile; fileRef = EA5F37BE29E494C100D7DE04 /* PulaAppApp.swift */; };
		EA5F37C129E494C100D7DE04 /* ContentView.swift in Sources */ = {isa = PBXBuildFile; fileRef = EA5F37C029E494C100D7DE04 /* ContentView.swift */; };
		EA5F37C329E494C200D7DE04 /* Assets.xcassets in Resources */ = {isa = PBXBuildFile; fileRef = EA5F37C229E494C200D7DE04 /* Assets.xcassets */; };
		EA5F37C629E494C200D7DE04 /* Preview Assets.xcassets in Resources */ = {isa = PBXBuildFile; fileRef = EA5F37C529E494C200D7DE04 /* Preview Assets.xcassets */; };
		EA73592729E720DF00004B9E /* CategoryIconView.swift in Sources */ = {isa = PBXBuildFile; fileRef = EA73592529E720DF00004B9E /* CategoryIconView.swift */; };
		EA73592829E720DF00004B9E /* DestaqueView.swift in Sources */ = {isa = PBXBuildFile; fileRef = EA73592629E720DF00004B9E /* DestaqueView.swift */; };
		EAA5560929E4DC11006B91E7 /* EventCategory.swift in Sources */ = {isa = PBXBuildFile; fileRef = EAA5560829E4DC11006B91E7 /* EventCategory.swift */; };
		EAA5560B29E4E2DB006B91E7 /* Event.swift in Sources */ = {isa = PBXBuildFile; fileRef = EAA5560A29E4E2DB006B91E7 /* Event.swift */; };
		EAA5560D29E4FEC6006B91E7 /* EventList.swift in Sources */ = {isa = PBXBuildFile; fileRef = EAA5560C29E4FEC6006B91E7 /* EventList.swift */; };
/* End PBXBuildFile section */

/* Begin PBXFileReference section */
		1426306429E5D8CB00EDA95A /* onboardingContent.swift */ = {isa = PBXFileReference; lastKnownFileType = sourcecode.swift; path = onboardingContent.swift; sourceTree = "<group>"; };
		1426306829E5DD1E00EDA95A /* onboardingContent2.swift */ = {isa = PBXFileReference; lastKnownFileType = sourcecode.swift; path = onboardingContent2.swift; sourceTree = "<group>"; };
		1426306A29E5E2B700EDA95A /* onboardingContent3.swift */ = {isa = PBXFileReference; lastKnownFileType = sourcecode.swift; path = onboardingContent3.swift; sourceTree = "<group>"; };
		1426306C29E5EE5000EDA95A /* onboardingCard.swift */ = {isa = PBXFileReference; lastKnownFileType = sourcecode.swift; path = onboardingCard.swift; sourceTree = "<group>"; };
		68A5809629E5D70900F74587 /* CategoryView.swift */ = {isa = PBXFileReference; lastKnownFileType = sourcecode.swift; path = CategoryView.swift; sourceTree = "<group>"; };
		737F89D729E5EBE900AC1C19 /* MainView.swift */ = {isa = PBXFileReference; lastKnownFileType = sourcecode.swift; path = MainView.swift; sourceTree = "<group>"; };
		73A0D00929E72E400046D87A /* SaveButton.swift */ = {isa = PBXFileReference; lastKnownFileType = sourcecode.swift; path = SaveButton.swift; sourceTree = "<group>"; };
		73A0D00B29E737620046D87A /* ProxDias.swift */ = {isa = PBXFileReference; lastKnownFileType = sourcecode.swift; path = ProxDias.swift; sourceTree = "<group>"; };
		73B7536129E7442500C72FFC /* SavedEvent.swift */ = {isa = PBXFileReference; lastKnownFileType = sourcecode.swift; path = SavedEvent.swift; sourceTree = "<group>"; };
		73E7A04829E5D2E10019A979 /* DestaquesHStack.swift */ = {isa = PBXFileReference; lastKnownFileType = sourcecode.swift; path = DestaquesHStack.swift; sourceTree = "<group>"; };
		73E7A04A29E5D4280019A979 /* FestivaisPage.swift */ = {isa = PBXFileReference; lastKnownFileType = sourcecode.swift; path = FestivaisPage.swift; sourceTree = "<group>"; };
		EA59A03C29E6A61C008BF790 /* MapView.swift */ = {isa = PBXFileReference; lastKnownFileType = sourcecode.swift; path = MapView.swift; sourceTree = "<group>"; };
		EA59A04029E6E247008BF790 /* FavoritesView.swift */ = {isa = PBXFileReference; lastKnownFileType = sourcecode.swift; path = FavoritesView.swift; sourceTree = "<group>"; };
		EA59A04529E6E3D5008BF790 /* EventCategoryList.swift */ = {isa = PBXFileReference; lastKnownFileType = sourcecode.swift; path = EventCategoryList.swift; sourceTree = "<group>"; };
		EA59A04729E6E54B008BF790 /* IconSize.swift */ = {isa = PBXFileReference; lastKnownFileType = sourcecode.swift; path = IconSize.swift; sourceTree = "<group>"; };
		EA59A04C29E6E7A8008BF790 /* MapIconsView.swift */ = {isa = PBXFileReference; lastKnownFileType = sourcecode.swift; path = MapIconsView.swift; sourceTree = "<group>"; };
		EA5F37BB29E494C100D7DE04 /* PulaApp.app */ = {isa = PBXFileReference; explicitFileType = wrapper.application; includeInIndex = 0; path = PulaApp.app; sourceTree = BUILT_PRODUCTS_DIR; };
		EA5F37BE29E494C100D7DE04 /* PulaAppApp.swift */ = {isa = PBXFileReference; lastKnownFileType = sourcecode.swift; path = PulaAppApp.swift; sourceTree = "<group>"; };
		EA5F37C029E494C100D7DE04 /* ContentView.swift */ = {isa = PBXFileReference; lastKnownFileType = sourcecode.swift; path = ContentView.swift; sourceTree = "<group>"; };
		EA5F37C229E494C200D7DE04 /* Assets.xcassets */ = {isa = PBXFileReference; lastKnownFileType = folder.assetcatalog; path = Assets.xcassets; sourceTree = "<group>"; };
		EA5F37C529E494C200D7DE04 /* Preview Assets.xcassets */ = {isa = PBXFileReference; lastKnownFileType = folder.assetcatalog; path = "Preview Assets.xcassets"; sourceTree = "<group>"; };
		EA73592529E720DF00004B9E /* CategoryIconView.swift */ = {isa = PBXFileReference; fileEncoding = 4; lastKnownFileType = sourcecode.swift; path = CategoryIconView.swift; sourceTree = "<group>"; };
		EA73592629E720DF00004B9E /* DestaqueView.swift */ = {isa = PBXFileReference; fileEncoding = 4; lastKnownFileType = sourcecode.swift; path = DestaqueView.swift; sourceTree = "<group>"; };
		EAA5560829E4DC11006B91E7 /* EventCategory.swift */ = {isa = PBXFileReference; lastKnownFileType = sourcecode.swift; path = EventCategory.swift; sourceTree = "<group>"; };
		EAA5560A29E4E2DB006B91E7 /* Event.swift */ = {isa = PBXFileReference; lastKnownFileType = sourcecode.swift; path = Event.swift; sourceTree = "<group>"; };
		EAA5560C29E4FEC6006B91E7 /* EventList.swift */ = {isa = PBXFileReference; lastKnownFileType = sourcecode.swift; path = EventList.swift; sourceTree = "<group>"; };
/* End PBXFileReference section */

/* Begin PBXFrameworksBuildPhase section */
		EA5F37B829E494C100D7DE04 /* Frameworks */ = {
			isa = PBXFrameworksBuildPhase;
			buildActionMask = 2147483647;
			files = (
			);
			runOnlyForDeploymentPostprocessing = 0;
		};
/* End PBXFrameworksBuildPhase section */

/* Begin PBXGroup section */
		EA59A04329E6E325008BF790 /* Data */ = {
			isa = PBXGroup;
			children = (
				EA59A04529E6E3D5008BF790 /* EventCategoryList.swift */,
				EAA5560C29E4FEC6006B91E7 /* EventList.swift */,
			);
			path = Data;
			sourceTree = "<group>";
		};
		EA59A04429E6E395008BF790 /* Atom */ = {
			isa = PBXGroup;
			children = (
				EAA5560A29E4E2DB006B91E7 /* Event.swift */,
				EA59A04729E6E54B008BF790 /* IconSize.swift */,
				EAA5560829E4DC11006B91E7 /* EventCategory.swift */,
				73A0D00929E72E400046D87A /* SaveButton.swift */,
			);
			path = Atom;
			sourceTree = "<group>";
		};
		EA59A04929E6E67F008BF790 /* Molecule */ = {
			isa = PBXGroup;
			children = (
				73B7536129E7442500C72FFC /* SavedEvent.swift */,
				EA73592529E720DF00004B9E /* CategoryIconView.swift */,
				EA73592629E720DF00004B9E /* DestaqueView.swift */,
				EA59A04C29E6E7A8008BF790 /* MapIconsView.swift */,
			);
			path = Molecule;
			sourceTree = "<group>";
		};
		EA59A04A29E6E731008BF790 /* Organism */ = {
			isa = PBXGroup;
			children = (
				73E7A04829E5D2E10019A979 /* DestaquesHStack.swift */,
				73A0D00B29E737620046D87A /* ProxDias.swift */,
			);
			path = Organism;
			sourceTree = "<group>";
		};
		EA59A04B29E6E740008BF790 /* Template */ = {
			isa = PBXGroup;
			children = (
				EA5F37C029E494C100D7DE04 /* ContentView.swift */,
				EA59A04029E6E247008BF790 /* FavoritesView.swift */,
				EA59A03C29E6A61C008BF790 /* MapView.swift */,
				737F89D729E5EBE900AC1C19 /* MainView.swift */,
			);
			path = Template;
			sourceTree = "<group>";
		};
		EA59A04E29E6E832008BF790 /* Pages */ = {
			isa = PBXGroup;
			children = (
				1426306429E5D8CB00EDA95A /* onboardingContent.swift */,
				1426306C29E5EE5000EDA95A /* onboardingCard.swift */,
				1426306829E5DD1E00EDA95A /* onboardingContent2.swift */,
				1426306A29E5E2B700EDA95A /* onboardingContent3.swift */,
				68A5809629E5D70900F74587 /* CategoryView.swift */,
				73E7A04A29E5D4280019A979 /* FestivaisPage.swift */,
			);
			path = Pages;
			sourceTree = "<group>";
		};
		EA5F37B229E494C100D7DE04 = {
			isa = PBXGroup;
			children = (
				EA5F37BD29E494C100D7DE04 /* PulaApp */,
				EA5F37BC29E494C100D7DE04 /* Products */,
			);
			sourceTree = "<group>";
		};
		EA5F37BC29E494C100D7DE04 /* Products */ = {
			isa = PBXGroup;
			children = (
				EA5F37BB29E494C100D7DE04 /* PulaApp.app */,
			);
			name = Products;
			sourceTree = "<group>";
		};
		EA5F37BD29E494C100D7DE04 /* PulaApp */ = {
			isa = PBXGroup;
			children = (
				EA59A04429E6E395008BF790 /* Atom */,
				EA59A04929E6E67F008BF790 /* Molecule */,
				EA59A04A29E6E731008BF790 /* Organism */,
				EA59A04B29E6E740008BF790 /* Template */,
				EA59A04E29E6E832008BF790 /* Pages */,
				EA59A04329E6E325008BF790 /* Data */,
				EA5F37C229E494C200D7DE04 /* Assets.xcassets */,
				EA5F37C429E494C200D7DE04 /* Preview Content */,
				EA5F37BE29E494C100D7DE04 /* PulaAppApp.swift */,
			);
			path = PulaApp;
			sourceTree = "<group>";
		};
		EA5F37C429E494C200D7DE04 /* Preview Content */ = {
			isa = PBXGroup;
			children = (
				EA5F37C529E494C200D7DE04 /* Preview Assets.xcassets */,
			);
			path = "Preview Content";
			sourceTree = "<group>";
		};
/* End PBXGroup section */

/* Begin PBXNativeTarget section */
		EA5F37BA29E494C100D7DE04 /* PulaApp */ = {
			isa = PBXNativeTarget;
			buildConfigurationList = EA5F37C929E494C200D7DE04 /* Build configuration list for PBXNativeTarget "PulaApp" */;
			buildPhases = (
				EA5F37B729E494C100D7DE04 /* Sources */,
				EA5F37B829E494C100D7DE04 /* Frameworks */,
				EA5F37B929E494C100D7DE04 /* Resources */,
			);
			buildRules = (
			);
			dependencies = (
			);
			name = PulaApp;
			productName = PulaApp;
			productReference = EA5F37BB29E494C100D7DE04 /* PulaApp.app */;
			productType = "com.apple.product-type.application";
		};
/* End PBXNativeTarget section */

/* Begin PBXProject section */
		EA5F37B329E494C100D7DE04 /* Project object */ = {
			isa = PBXProject;
			attributes = {
				BuildIndependentTargetsInParallel = 1;
				LastSwiftUpdateCheck = 1420;
				LastUpgradeCheck = 1420;
				TargetAttributes = {
					EA5F37BA29E494C100D7DE04 = {
						CreatedOnToolsVersion = 14.2;
					};
				};
			};
			buildConfigurationList = EA5F37B629E494C100D7DE04 /* Build configuration list for PBXProject "PulaApp" */;
			compatibilityVersion = "Xcode 14.0";
			developmentRegion = en;
			hasScannedForEncodings = 0;
			knownRegions = (
				en,
				Base,
			);
			mainGroup = EA5F37B229E494C100D7DE04;
			productRefGroup = EA5F37BC29E494C100D7DE04 /* Products */;
			projectDirPath = "";
			projectRoot = "";
			targets = (
				EA5F37BA29E494C100D7DE04 /* PulaApp */,
			);
		};
/* End PBXProject section */

/* Begin PBXResourcesBuildPhase section */
		EA5F37B929E494C100D7DE04 /* Resources */ = {
			isa = PBXResourcesBuildPhase;
			buildActionMask = 2147483647;
			files = (
				EA5F37C629E494C200D7DE04 /* Preview Assets.xcassets in Resources */,
				EA5F37C329E494C200D7DE04 /* Assets.xcassets in Resources */,
			);
			runOnlyForDeploymentPostprocessing = 0;
		};
/* End PBXResourcesBuildPhase section */

/* Begin PBXSourcesBuildPhase section */
		EA5F37B729E494C100D7DE04 /* Sources */ = {
			isa = PBXSourcesBuildPhase;
			buildActionMask = 2147483647;
			files = (
				1426306529E5D8CB00EDA95A /* onboardingContent.swift in Sources */,
				EAA5560B29E4E2DB006B91E7 /* Event.swift in Sources */,
				EA59A03D29E6A61C008BF790 /* MapView.swift in Sources */,
				EA73592729E720DF00004B9E /* CategoryIconView.swift in Sources */,
				EA59A04129E6E247008BF790 /* FavoritesView.swift in Sources */,
				73A0D00C29E737620046D87A /* ProxDias.swift in Sources */,
				1426306929E5DD1E00EDA95A /* onboardingContent2.swift in Sources */,
				EA73592829E720DF00004B9E /* DestaqueView.swift in Sources */,
				EA5F37C129E494C100D7DE04 /* ContentView.swift in Sources */,
				1426306B29E5E2B700EDA95A /* onboardingContent3.swift in Sources */,
				737F89D829E5EBE900AC1C19 /* MainView.swift in Sources */,
				68A5809729E5D70900F74587 /* CategoryView.swift in Sources */,
				EA5F37C129E494C100D7DE04 /* ContentView.swift in Sources */,
				73E7A04B29E5D4280019A979 /* FestivaisPage.swift in Sources */,
				EA5F37BF29E494C100D7DE04 /* PulaAppApp.swift in Sources */,
				EA59A04629E6E3D5008BF790 /* EventCategoryList.swift in Sources */,
				73B7536229E7442500C72FFC /* SavedEvent.swift in Sources */,
				73E7A04929E5D2E10019A979 /* DestaquesHStack.swift in Sources */,
				EAA5560D29E4FEC6006B91E7 /* EventList.swift in Sources */,
				1426306D29E5EE5000EDA95A /* onboardingCard.swift in Sources */,
				73A0D00A29E72E400046D87A /* SaveButton.swift in Sources */,
				EA59A04D29E6E7A8008BF790 /* MapIconsView.swift in Sources */,
				EA59A04829E6E54B008BF790 /* IconSize.swift in Sources */,
				EAA5560929E4DC11006B91E7 /* EventCategory.swift in Sources */,
			);
			runOnlyForDeploymentPostprocessing = 0;
		};
/* End PBXSourcesBuildPhase section */

/* Begin XCBuildConfiguration section */
		EA5F37C729E494C200D7DE04 /* Debug */ = {
			isa = XCBuildConfiguration;
			buildSettings = {
				ALWAYS_SEARCH_USER_PATHS = NO;
				CLANG_ANALYZER_NONNULL = YES;
				CLANG_ANALYZER_NUMBER_OBJECT_CONVERSION = YES_AGGRESSIVE;
				CLANG_CXX_LANGUAGE_STANDARD = "gnu++20";
				CLANG_ENABLE_MODULES = YES;
				CLANG_ENABLE_OBJC_ARC = YES;
				CLANG_ENABLE_OBJC_WEAK = YES;
				CLANG_WARN_BLOCK_CAPTURE_AUTORELEASING = YES;
				CLANG_WARN_BOOL_CONVERSION = YES;
				CLANG_WARN_COMMA = YES;
				CLANG_WARN_CONSTANT_CONVERSION = YES;
				CLANG_WARN_DEPRECATED_OBJC_IMPLEMENTATIONS = YES;
				CLANG_WARN_DIRECT_OBJC_ISA_USAGE = YES_ERROR;
				CLANG_WARN_DOCUMENTATION_COMMENTS = YES;
				CLANG_WARN_EMPTY_BODY = YES;
				CLANG_WARN_ENUM_CONVERSION = YES;
				CLANG_WARN_INFINITE_RECURSION = YES;
				CLANG_WARN_INT_CONVERSION = YES;
				CLANG_WARN_NON_LITERAL_NULL_CONVERSION = YES;
				CLANG_WARN_OBJC_IMPLICIT_RETAIN_SELF = YES;
				CLANG_WARN_OBJC_LITERAL_CONVERSION = YES;
				CLANG_WARN_OBJC_ROOT_CLASS = YES_ERROR;
				CLANG_WARN_QUOTED_INCLUDE_IN_FRAMEWORK_HEADER = YES;
				CLANG_WARN_RANGE_LOOP_ANALYSIS = YES;
				CLANG_WARN_STRICT_PROTOTYPES = YES;
				CLANG_WARN_SUSPICIOUS_MOVE = YES;
				CLANG_WARN_UNGUARDED_AVAILABILITY = YES_AGGRESSIVE;
				CLANG_WARN_UNREACHABLE_CODE = YES;
				CLANG_WARN__DUPLICATE_METHOD_MATCH = YES;
				COPY_PHASE_STRIP = NO;
				DEBUG_INFORMATION_FORMAT = dwarf;
				ENABLE_STRICT_OBJC_MSGSEND = YES;
				ENABLE_TESTABILITY = YES;
				GCC_C_LANGUAGE_STANDARD = gnu11;
				GCC_DYNAMIC_NO_PIC = NO;
				GCC_NO_COMMON_BLOCKS = YES;
				GCC_OPTIMIZATION_LEVEL = 0;
				GCC_PREPROCESSOR_DEFINITIONS = (
					"DEBUG=1",
					"$(inherited)",
				);
				GCC_WARN_64_TO_32_BIT_CONVERSION = YES;
				GCC_WARN_ABOUT_RETURN_TYPE = YES_ERROR;
				GCC_WARN_UNDECLARED_SELECTOR = YES;
				GCC_WARN_UNINITIALIZED_AUTOS = YES_AGGRESSIVE;
				GCC_WARN_UNUSED_FUNCTION = YES;
				GCC_WARN_UNUSED_VARIABLE = YES;
				IPHONEOS_DEPLOYMENT_TARGET = 16.2;
				MTL_ENABLE_DEBUG_INFO = INCLUDE_SOURCE;
				MTL_FAST_MATH = YES;
				ONLY_ACTIVE_ARCH = YES;
				SDKROOT = iphoneos;
				SWIFT_ACTIVE_COMPILATION_CONDITIONS = DEBUG;
				SWIFT_OPTIMIZATION_LEVEL = "-Onone";
			};
			name = Debug;
		};
		EA5F37C829E494C200D7DE04 /* Release */ = {
			isa = XCBuildConfiguration;
			buildSettings = {
				ALWAYS_SEARCH_USER_PATHS = NO;
				CLANG_ANALYZER_NONNULL = YES;
				CLANG_ANALYZER_NUMBER_OBJECT_CONVERSION = YES_AGGRESSIVE;
				CLANG_CXX_LANGUAGE_STANDARD = "gnu++20";
				CLANG_ENABLE_MODULES = YES;
				CLANG_ENABLE_OBJC_ARC = YES;
				CLANG_ENABLE_OBJC_WEAK = YES;
				CLANG_WARN_BLOCK_CAPTURE_AUTORELEASING = YES;
				CLANG_WARN_BOOL_CONVERSION = YES;
				CLANG_WARN_COMMA = YES;
				CLANG_WARN_CONSTANT_CONVERSION = YES;
				CLANG_WARN_DEPRECATED_OBJC_IMPLEMENTATIONS = YES;
				CLANG_WARN_DIRECT_OBJC_ISA_USAGE = YES_ERROR;
				CLANG_WARN_DOCUMENTATION_COMMENTS = YES;
				CLANG_WARN_EMPTY_BODY = YES;
				CLANG_WARN_ENUM_CONVERSION = YES;
				CLANG_WARN_INFINITE_RECURSION = YES;
				CLANG_WARN_INT_CONVERSION = YES;
				CLANG_WARN_NON_LITERAL_NULL_CONVERSION = YES;
				CLANG_WARN_OBJC_IMPLICIT_RETAIN_SELF = YES;
				CLANG_WARN_OBJC_LITERAL_CONVERSION = YES;
				CLANG_WARN_OBJC_ROOT_CLASS = YES_ERROR;
				CLANG_WARN_QUOTED_INCLUDE_IN_FRAMEWORK_HEADER = YES;
				CLANG_WARN_RANGE_LOOP_ANALYSIS = YES;
				CLANG_WARN_STRICT_PROTOTYPES = YES;
				CLANG_WARN_SUSPICIOUS_MOVE = YES;
				CLANG_WARN_UNGUARDED_AVAILABILITY = YES_AGGRESSIVE;
				CLANG_WARN_UNREACHABLE_CODE = YES;
				CLANG_WARN__DUPLICATE_METHOD_MATCH = YES;
				COPY_PHASE_STRIP = NO;
				DEBUG_INFORMATION_FORMAT = "dwarf-with-dsym";
				ENABLE_NS_ASSERTIONS = NO;
				ENABLE_STRICT_OBJC_MSGSEND = YES;
				GCC_C_LANGUAGE_STANDARD = gnu11;
				GCC_NO_COMMON_BLOCKS = YES;
				GCC_WARN_64_TO_32_BIT_CONVERSION = YES;
				GCC_WARN_ABOUT_RETURN_TYPE = YES_ERROR;
				GCC_WARN_UNDECLARED_SELECTOR = YES;
				GCC_WARN_UNINITIALIZED_AUTOS = YES_AGGRESSIVE;
				GCC_WARN_UNUSED_FUNCTION = YES;
				GCC_WARN_UNUSED_VARIABLE = YES;
				IPHONEOS_DEPLOYMENT_TARGET = 16.2;
				MTL_ENABLE_DEBUG_INFO = NO;
				MTL_FAST_MATH = YES;
				SDKROOT = iphoneos;
				SWIFT_COMPILATION_MODE = wholemodule;
				SWIFT_OPTIMIZATION_LEVEL = "-O";
				VALIDATE_PRODUCT = YES;
			};
			name = Release;
		};
		EA5F37CA29E494C200D7DE04 /* Debug */ = {
			isa = XCBuildConfiguration;
			buildSettings = {
				ASSETCATALOG_COMPILER_APPICON_NAME = AppIcon;
				ASSETCATALOG_COMPILER_GLOBAL_ACCENT_COLOR_NAME = AccentColor;
				CODE_SIGN_STYLE = Automatic;
				CURRENT_PROJECT_VERSION = 1;
				DEVELOPMENT_ASSET_PATHS = "\"PulaApp/Preview Content\"";
				ENABLE_PREVIEWS = YES;
				GENERATE_INFOPLIST_FILE = YES;
				INFOPLIST_KEY_UIApplicationSceneManifest_Generation = YES;
				INFOPLIST_KEY_UIApplicationSupportsIndirectInputEvents = YES;
				INFOPLIST_KEY_UILaunchScreen_Generation = YES;
				INFOPLIST_KEY_UISupportedInterfaceOrientations_iPad = "UIInterfaceOrientationPortrait UIInterfaceOrientationPortraitUpsideDown UIInterfaceOrientationLandscapeLeft UIInterfaceOrientationLandscapeRight";
				INFOPLIST_KEY_UISupportedInterfaceOrientations_iPhone = "UIInterfaceOrientationPortrait UIInterfaceOrientationLandscapeLeft UIInterfaceOrientationLandscapeRight";
				LD_RUNPATH_SEARCH_PATHS = (
					"$(inherited)",
					"@executable_path/Frameworks",
				);
				MARKETING_VERSION = 1.0;
				PRODUCT_BUNDLE_IDENTIFIER = msventurini.PulaApp;
				PRODUCT_NAME = "$(TARGET_NAME)";
				SWIFT_EMIT_LOC_STRINGS = YES;
				SWIFT_VERSION = 5.0;
				TARGETED_DEVICE_FAMILY = "1,2";
			};
			name = Debug;
		};
		EA5F37CB29E494C200D7DE04 /* Release */ = {
			isa = XCBuildConfiguration;
			buildSettings = {
				ASSETCATALOG_COMPILER_APPICON_NAME = AppIcon;
				ASSETCATALOG_COMPILER_GLOBAL_ACCENT_COLOR_NAME = AccentColor;
				CODE_SIGN_STYLE = Automatic;
				CURRENT_PROJECT_VERSION = 1;
				DEVELOPMENT_ASSET_PATHS = "\"PulaApp/Preview Content\"";
				ENABLE_PREVIEWS = YES;
				GENERATE_INFOPLIST_FILE = YES;
				INFOPLIST_KEY_UIApplicationSceneManifest_Generation = YES;
				INFOPLIST_KEY_UIApplicationSupportsIndirectInputEvents = YES;
				INFOPLIST_KEY_UILaunchScreen_Generation = YES;
				INFOPLIST_KEY_UISupportedInterfaceOrientations_iPad = "UIInterfaceOrientationPortrait UIInterfaceOrientationPortraitUpsideDown UIInterfaceOrientationLandscapeLeft UIInterfaceOrientationLandscapeRight";
				INFOPLIST_KEY_UISupportedInterfaceOrientations_iPhone = "UIInterfaceOrientationPortrait UIInterfaceOrientationLandscapeLeft UIInterfaceOrientationLandscapeRight";
				LD_RUNPATH_SEARCH_PATHS = (
					"$(inherited)",
					"@executable_path/Frameworks",
				);
				MARKETING_VERSION = 1.0;
				PRODUCT_BUNDLE_IDENTIFIER = msventurini.PulaApp;
				PRODUCT_NAME = "$(TARGET_NAME)";
				SWIFT_EMIT_LOC_STRINGS = YES;
				SWIFT_VERSION = 5.0;
				TARGETED_DEVICE_FAMILY = "1,2";
			};
			name = Release;
		};
/* End XCBuildConfiguration section */

/* Begin XCConfigurationList section */
		EA5F37B629E494C100D7DE04 /* Build configuration list for PBXProject "PulaApp" */ = {
			isa = XCConfigurationList;
			buildConfigurations = (
				EA5F37C729E494C200D7DE04 /* Debug */,
				EA5F37C829E494C200D7DE04 /* Release */,
			);
			defaultConfigurationIsVisible = 0;
			defaultConfigurationName = Release;
		};
		EA5F37C929E494C200D7DE04 /* Build configuration list for PBXNativeTarget "PulaApp" */ = {
			isa = XCConfigurationList;
			buildConfigurations = (
				EA5F37CA29E494C200D7DE04 /* Debug */,
				EA5F37CB29E494C200D7DE04 /* Release */,
			);
			defaultConfigurationIsVisible = 0;
			defaultConfigurationName = Release;
		};
/* End XCConfigurationList section */
	};
	rootObject = EA5F37B329E494C100D7DE04 /* Project object */;
}
